<?xml version="1.0" encoding="utf-8"?>
<Project ToolsVersion="4.0" xmlns="http://schemas.microsoft.com/developer/msbuild/2003">
  <ItemGroup>
    <Filter Include="소스 파일">
      <UniqueIdentifier>{4FC737F1-C7A5-4376-A066-2A32D752A2FF}</UniqueIdentifier>
      <Extensions>cpp;c;cc;cxx;c++;cppm;ixx;def;odl;idl;hpj;bat;asm;asmx</Extensions>
    </Filter>
    <Filter Include="헤더 파일">
      <UniqueIdentifier>{93995380-89BD-4b04-88EB-625FBE52EBFB}</UniqueIdentifier>
      <Extensions>h;hh;hpp;hxx;h++;hm;inl;inc;ipp;xsd</Extensions>
    </Filter>
    <Filter Include="리소스 파일">
      <UniqueIdentifier>{67DA6AB6-F800-4c08-8B7A-83BB121AAD01}</UniqueIdentifier>
      <Extensions>rc;ico;cur;bmp;dlg;rc2;rct;bin;rgs;gif;jpg;jpeg;jpe;resx;tiff;tif;png;wav;mfcribbon-ms</Extensions>
    </Filter>
    <Filter Include="00.MainApp">
      <UniqueIdentifier>{c769b4a9-cdab-4345-a12c-fe79e209fc7d}</UniqueIdentifier>
    </Filter>
    <Filter Include="01. Scene">
      <UniqueIdentifier>{b17f4d85-1fc4-4433-8109-fcc948c5ead4}</UniqueIdentifier>
    </Filter>
    <Filter Include="02. GameObject">
      <UniqueIdentifier>{06938e77-ec7c-4ec1-9118-ebca66273251}</UniqueIdentifier>
    </Filter>
    <Filter Include="02. GameObject\00. Background">
      <UniqueIdentifier>{2536c3b3-b821-4b39-ad9d-87f879386e4b}</UniqueIdentifier>
    </Filter>
    <Filter Include="03.IMGUI">
      <UniqueIdentifier>{7eee7adc-4b1e-4cde-9fe4-091a7b9c989e}</UniqueIdentifier>
    </Filter>
    <Filter Include="03.IMGUI\Imgui_Header">
      <UniqueIdentifier>{90c3bec0-f60a-44a2-a48a-35b08cce47c7}</UniqueIdentifier>
    </Filter>
    <Filter Include="03.IMGUI\Imgui_Code">
      <UniqueIdentifier>{36bf5a98-a288-4768-8e9b-9dfbe63dccff}</UniqueIdentifier>
    </Filter>
    <Filter Include="03.IMGUI\Imgui_Terrain_Buffer">
      <UniqueIdentifier>{aa7e1d4e-34d3-4c61-a9a4-525207431115}</UniqueIdentifier>
    </Filter>
    <Filter Include="02. GameObject\01. Entity">
      <UniqueIdentifier>{a4015a37-929e-4212-83a7-2aee8b6b44d9}</UniqueIdentifier>
    </Filter>
    <Filter Include="02. GameObject\04. DynamicCamera">
      <UniqueIdentifier>{a8d78f72-dda9-40ad-82df-1fcf68dd8f47}</UniqueIdentifier>
    </Filter>
    <Filter Include="02. GameObject\05. SkyBox">
      <UniqueIdentifier>{1c9df8e7-ae08-4d95-8ff0-8c13edb4a8c0}</UniqueIdentifier>
    </Filter>
    <Filter Include="02. GameObject\06. Ray">
      <UniqueIdentifier>{3fa5fa01-43f3-4944-924a-7214a0df954d}</UniqueIdentifier>
    </Filter>
    <Filter Include="03.IMGUI">
      <UniqueIdentifier>{7eee7adc-4b1e-4cde-9fe4-091a7b9c989e}</UniqueIdentifier>
    </Filter>
    <Filter Include="03.IMGUI\Imgui_Header">
      <UniqueIdentifier>{90c3bec0-f60a-44a2-a48a-35b08cce47c7}</UniqueIdentifier>
    </Filter>
    <Filter Include="03.IMGUI\Imgui_Code">
      <UniqueIdentifier>{36bf5a98-a288-4768-8e9b-9dfbe63dccff}</UniqueIdentifier>
    </Filter>
    <Filter Include="03.IMGUI\Imgui_Terrain_Buffer">
      <UniqueIdentifier>{aa7e1d4e-34d3-4c61-a9a4-525207431115}</UniqueIdentifier>
    </Filter>
    <Filter Include="02. GameObject\08. Object">
      <UniqueIdentifier>{01573650-7f96-4cdf-9e4e-163cf7d12b27}</UniqueIdentifier>
    </Filter>
    <Filter Include="02. GameObject\01. Entity\01. Player">
      <UniqueIdentifier>{e7c67f0f-b08d-4866-96cd-f555e9c4669e}</UniqueIdentifier>
    </Filter>
    <Filter Include="02. GameObject\01. Entity\01. Player\FSM">
      <UniqueIdentifier>{80e410db-4bf1-41c9-85e7-d584a35e9b15}</UniqueIdentifier>
    </Filter>
    <Filter Include="02. GameObject\01. Entity\02. Monster">
      <UniqueIdentifier>{8f3de65c-940a-4e62-b605-50fd22db5d3b}</UniqueIdentifier>
    </Filter>
    <Filter Include="02. GameObject\01. Entity\01. Player\State">
      <UniqueIdentifier>{a42c768b-ce43-4301-9e73-eb6ba9227dbd}</UniqueIdentifier>
    </Filter>
    <Filter Include="02. GameObject\03. Terrain">
      <UniqueIdentifier>{04e535d0-ebd6-4f3f-b0c5-71e12c38c66f}</UniqueIdentifier>
    </Filter>
    <Filter Include="02. GameObject\04. DynamicCamera">
      <UniqueIdentifier>{a8d78f72-dda9-40ad-82df-1fcf68dd8f47}</UniqueIdentifier>
    </Filter>
    <Filter Include="02. GameObject\05. SkyBox">
      <UniqueIdentifier>{1c9df8e7-ae08-4d95-8ff0-8c13edb4a8c0}</UniqueIdentifier>
    </Filter>
    <Filter Include="02. GameObject\06. Ray">
      <UniqueIdentifier>{3fa5fa01-43f3-4944-924a-7214a0df954d}</UniqueIdentifier>
    </Filter>
    <Filter Include="03.IMGUI">
      <UniqueIdentifier>{7eee7adc-4b1e-4cde-9fe4-091a7b9c989e}</UniqueIdentifier>
    </Filter>
    <Filter Include="02. GameObject\09. Puzzle">
      <UniqueIdentifier>{9c144de7-c0cf-44f3-aaf9-a2f3d86bb587}</UniqueIdentifier>
    </Filter>
    <Filter Include="02. GameObject\07. Map">
      <UniqueIdentifier>{38de72a3-ea90-41cf-b939-8156f356435c}</UniqueIdentifier>
    </Filter>
    <Filter Include="02. GameObject\07. Map\01.TestMap">
      <UniqueIdentifier>{1389b57a-7830-4264-a6e3-d435eb6616a4}</UniqueIdentifier>
    </Filter>
    <Filter Include="02. GameObject\09. Puzzle\PipeGame">
      <UniqueIdentifier>{8f1e8d58-7e2a-4e4b-bb80-81dcff3d6f67}</UniqueIdentifier>
    </Filter>
    <Filter Include="02. GameObject\09. Puzzle\PipeGame\Pipe">
      <UniqueIdentifier>{b26459e0-9d32-4f0d-807d-469c7009aef7}</UniqueIdentifier>
    </Filter>
    <Filter Include="02. GameObject\09. Puzzle\PipeGame\Board">
      <UniqueIdentifier>{fa135665-057b-47c6-8ecc-eda20c868a15}</UniqueIdentifier>
    </Filter>
    <Filter Include="02. GameObject\09. Puzzle\PipeGame\Cursor">
      <UniqueIdentifier>{8c40aa40-a48f-4401-9d56-1b697fcbfd69}</UniqueIdentifier>
    </Filter>
    <Filter Include="02. GameObject\00. Background\01.StartBackGround">
      <UniqueIdentifier>{488c68d2-fd55-4478-b745-d3c3c3f4e753}</UniqueIdentifier>
    </Filter>
    <Filter Include="01. Scene\01. Logo">
      <UniqueIdentifier>{1070fa21-47b0-4e76-92f9-39fc2dc3b77d}</UniqueIdentifier>
    </Filter>
    <Filter Include="01. Scene\03. Stage">
      <UniqueIdentifier>{d96fb8ef-6488-4af4-ae72-7c9077e0160c}</UniqueIdentifier>
    </Filter>
    <Filter Include="01. Scene\02. Loading">
      <UniqueIdentifier>{a36b92b3-d78b-4d8b-99f1-b1cf42b82728}</UniqueIdentifier>
    </Filter>
    <Filter Include="01. Scene\00. StartScene">
      <UniqueIdentifier>{eee41c6d-80cd-4184-b420-ce1cedc8d23d}</UniqueIdentifier>
    </Filter>
    <Filter Include="02. GameObject\07. Map\00.MapCamera">
      <UniqueIdentifier>{576a28d8-6eef-4f73-afe5-815f9ca8375f}</UniqueIdentifier>
    </Filter>
    <Filter Include="03.IMGUI\Imgui_Object">
      <UniqueIdentifier>{45521da8-91c7-4972-82e3-ca46872d78a3}</UniqueIdentifier>
    </Filter>
    <Filter Include="02. GameObject\09. Puzzle\Bug Statue Puzzle">
      <UniqueIdentifier>{5a293146-5338-48c8-9e04-d44f826becd9}</UniqueIdentifier>
    </Filter>
    <Filter Include="02. GameObject\09. Puzzle\Combination Puzzle">
      <UniqueIdentifier>{918b6804-f5e6-4c81-8fb3-f052b149bc90}</UniqueIdentifier>
    </Filter>
    <Filter Include="02. GameObject\09. Puzzle\Crystal Puzzle">
      <UniqueIdentifier>{6699e475-73bf-4c80-a587-d4ceeedc353e}</UniqueIdentifier>
    </Filter>
    <Filter Include="02. GameObject\09. Puzzle\Monkey Statue">
      <UniqueIdentifier>{6cf74702-a3a4-48a7-a763-4b1e84d757e2}</UniqueIdentifier>
    </Filter>
    <Filter Include="02. GameObject\09. Puzzle\Bug Statue Puzzle\Bus Statue">
      <UniqueIdentifier>{a11bad58-a523-45b6-aedf-8de2fd1200fb}</UniqueIdentifier>
    </Filter>
    <Filter Include="02. GameObject\09. Puzzle\Combination Puzzle\Combination Statue">
      <UniqueIdentifier>{bb67851c-8f65-45e2-bc03-3298ea2f02ce}</UniqueIdentifier>
    </Filter>
    <Filter Include="02. GameObject\09. Puzzle\Crystal Puzzle\Crystal">
      <UniqueIdentifier>{47d024f0-cea9-4af3-b715-b220350c1b31}</UniqueIdentifier>
    </Filter>
    <Filter Include="02. GameObject\09. Puzzle\Crystal Puzzle\Press Block">
      <UniqueIdentifier>{a780f2be-e503-4bcd-8b33-3fe75487a8f4}</UniqueIdentifier>
    </Filter>
    <Filter Include="02. GameObject\10. Item">
      <UniqueIdentifier>{d0229c07-c918-42ec-ad5f-6e2bed385f19}</UniqueIdentifier>
    </Filter>
    <Filter Include="02. GameObject\11. UI">
      <UniqueIdentifier>{69be4faf-5faa-47b8-a0bc-150bcdea31aa}</UniqueIdentifier>
    </Filter>
    <Filter Include="02. GameObject\11. UI\00. DefaultUI">
      <UniqueIdentifier>{6345767e-9aaa-4ea3-8d03-a7d5615eea3a}</UniqueIdentifier>
    </Filter>
    <Filter Include="02. GameObject\11. UI\01. InvenUI">
      <UniqueIdentifier>{346f8069-d9f4-488f-9088-15ac45f039e2}</UniqueIdentifier>
    </Filter>
    <Filter Include="02. GameObject\01. Entity\03. Terrain" />
    <Filter Include="02. GameObject\09. Puzzle\00. Common Object">
      <UniqueIdentifier>{9c246355-1a19-4509-bc00-a124a5a0223a}</UniqueIdentifier>
    </Filter>
    <Filter Include="02. GameObject\09. Puzzle\00. Common Object\01. Stone Block">
      <UniqueIdentifier>{fc857829-e08a-41bb-9d45-747a7e650e69}</UniqueIdentifier>
    </Filter>
    <Filter Include="02. GameObject\09. Puzzle\00. Common Object\02. Stone Block Hole">
      <UniqueIdentifier>{0c1c1756-576b-4ed7-8d27-32458caaa690}</UniqueIdentifier>
    </Filter>
    <Filter Include="02. GameObject\09. Puzzle\00. Common Object\03. Stone Pedestal">
      <UniqueIdentifier>{7c818d53-0d9c-497c-8536-fbeae92d5478}</UniqueIdentifier>
    </Filter>
    <Filter Include="02. GameObject\09. Puzzle\Scale Puzzle">
      <UniqueIdentifier>{71a6c80c-e430-48ed-a078-8ae733cf9eeb}</UniqueIdentifier>
    </Filter>
    <Filter Include="02. GameObject\09. Puzzle\Music Puzzle">
      <UniqueIdentifier>{d285ddac-6321-4fd3-aa62-0bd94f4cbed2}</UniqueIdentifier>
    </Filter>
    <Filter Include="02. GameObject\09. Puzzle\Music Puzzle\Fire Pit">
      <UniqueIdentifier>{427640fb-9103-4816-b4a3-66a5d0100892}</UniqueIdentifier>
    </Filter>
    <Filter Include="02. GameObject\09. Puzzle\Music Puzzle\Music Statue">
      <UniqueIdentifier>{807e98e9-bac6-42a1-84a2-284d44c3f83d}</UniqueIdentifier>
    </Filter>
    <Filter Include="02. GameObject\09. Puzzle\Music Puzzle\Note Statue">
      <UniqueIdentifier>{6b7cdf20-3487-4edb-a5c4-0a757c6fc8c6}</UniqueIdentifier>
    </Filter>
    <Filter Include="02. GameObject\09. Puzzle\Scale Puzzle\Scale">
      <UniqueIdentifier>{0e532489-19f9-4601-915a-a095f9c512a5}</UniqueIdentifier>
    </Filter>
    <Filter Include="02. GameObject\09. Puzzle\Scale Puzzle\Weight Comparator">
      <UniqueIdentifier>{8022e469-7504-4521-8d63-a3d4ca106a5e}</UniqueIdentifier>
    </Filter>
    <Filter Include="02. GameObject\09. Puzzle\00. Common Object\00. Stone">
      <UniqueIdentifier>{b6ddbc6b-0647-4f18-b10e-0edc6c2d6637}</UniqueIdentifier>
    </Filter>
    <Filter Include="02. GameObject\12. NPC">
      <UniqueIdentifier>{64900277-82b0-48f5-8c62-7f452b165c08}</UniqueIdentifier>
    </Filter>
    <Filter Include="02. GameObject\13.TestObject">
      <UniqueIdentifier>{e7db2bb3-c74f-4e00-86ff-ceaa635ae2f2}</UniqueIdentifier>
    </Filter>
    <Filter Include="02. GameObject\11. UI\02. TextBoxUI">
      <UniqueIdentifier>{fd955999-e386-45ca-b820-c1e3a904bef1}</UniqueIdentifier>
    </Filter>
    <Filter Include="02. GameObject\11. UI\03. QuestUI">
      <UniqueIdentifier>{47d656e0-a13d-4757-9058-e6648fbdd251}</UniqueIdentifier>
    </Filter>
    <Filter Include="02. GameObject\11. UI\03. QuestUI\QuestAcceptUI">
      <UniqueIdentifier>{f8189902-93dc-4b8a-910c-3b5416fe87e5}</UniqueIdentifier>
    </Filter>
    <Filter Include="02. GameObject\11. UI\03. QuestUI\QuestCursor">
      <UniqueIdentifier>{7fbdfa33-aa03-48c0-bc90-a1ec6f9a3ee8}</UniqueIdentifier>
    </Filter>
    <Filter Include="01. Scene\99. MapEditor">
      <UniqueIdentifier>{69bef3b5-20cb-4636-ad7d-6e2fac1576d6}</UniqueIdentifier>
    </Filter>
    <Filter Include="01. Scene\04. WorldHeartStage">
      <UniqueIdentifier>{d1edd4b6-e015-4b5b-a839-1127330a7951}</UniqueIdentifier>
    </Filter>
    <Filter Include="02. GameObject\07. Map\02.WorldHeartMap">
      <UniqueIdentifier>{553b5877-f473-4dad-9e6f-67c8b27e29c8}</UniqueIdentifier>
    </Filter>
    <Filter Include="02. GameObject\10. Item\00. EquipItem">
      <UniqueIdentifier>{c9998b2f-a203-421a-9732-dcd959fafd07}</UniqueIdentifier>
    </Filter>
    <Filter Include="02. GameObject\10. Item\01. ConsumItem">
      <UniqueIdentifier>{c15e7b63-5d79-43c8-b135-9f9aa5349077}</UniqueIdentifier>
    </Filter>
    <Filter Include="02. GameObject\10. Item\03. QuestItem">
      <UniqueIdentifier>{82ace099-4a7a-47d7-8b2b-1ed6634319dd}</UniqueIdentifier>
    </Filter>
    <Filter Include="02. GameObject\10. Item\02. OtherItem">
      <UniqueIdentifier>{9b9fbf63-4d2a-45ed-ba26-c0118a9bba1f}</UniqueIdentifier>
    </Filter>
    <Filter Include="02. GameObject\10. Item\99. ItemSelector">
      <UniqueIdentifier>{d0cc4468-d2a0-4047-922b-cc565ef445b9}</UniqueIdentifier>
    </Filter>
    <Filter Include="02. GameObject\12. NPC\00. QuestNPC">
      <UniqueIdentifier>{6c1031b3-2783-49dd-9f98-16d5f74e8760}</UniqueIdentifier>
    </Filter>
    <Filter Include="02. GameObject\12. NPC\00. QuestNPC\00. ExpressMonkey">
      <UniqueIdentifier>{0f348598-7cf2-4fff-bd3a-ab39ae656221}</UniqueIdentifier>
    </Filter>
    <Filter Include="02. GameObject\12. NPC\01. StoreNPC">
      <UniqueIdentifier>{a7141daa-f849-413a-98fb-867d7f552692}</UniqueIdentifier>
    </Filter>
    <Filter Include="02. GameObject\12. NPC\01. StoreNPC\00. SeaLion">
      <UniqueIdentifier>{564cf725-4e30-46c8-a4c2-3e37f8477f3e}</UniqueIdentifier>
    </Filter>
    <Filter Include="02. GameObject\11. UI\04. StoreUI">
      <UniqueIdentifier>{b4e2d467-5a41-4c9e-ab03-bf239e097ca8}</UniqueIdentifier>
    </Filter>
    <Filter Include="04.ResMgr">
      <UniqueIdentifier>{74332b0b-4fad-44c7-a07e-2c00fd2a121a}</UniqueIdentifier>
    </Filter>
    <Filter Include="02. GameObject\14.ElectriceelBoss">
      <UniqueIdentifier>{10d4fa82-6e5f-4edc-b844-798a3499244f}</UniqueIdentifier>
    </Filter>
    <Filter Include="01. Scene\06. MoonForestStage">
      <UniqueIdentifier>{a2eeedee-a75a-4a32-b8cf-9d37504516bb}</UniqueIdentifier>
    </Filter>
    <Filter Include="01. Scene\08. ElectriceelBossStage">
      <UniqueIdentifier>{1fc6eec5-e151-4341-aba6-34ca36d28024}</UniqueIdentifier>
    </Filter>
    <Filter Include="01. Scene\05. JungleForestStage">
      <UniqueIdentifier>{c0a247d7-6e24-492f-905c-de5f1a5dc32a}</UniqueIdentifier>
    </Filter>
    <Filter Include="02. GameObject\07. Map\04.MoonForestMap">
      <UniqueIdentifier>{56db9390-b2f1-4470-adf5-cf6e91514d17}</UniqueIdentifier>
    </Filter>
    <Filter Include="02. GameObject\07. Map\05 ElectriceelBossMap">
      <UniqueIdentifier>{e11729d7-9399-4955-9ca6-858acf873653}</UniqueIdentifier>
    </Filter>
    <Filter Include="02. GameObject\07. Map\03.JungleForestMap">
      <UniqueIdentifier>{6021e17d-67bf-4647-9994-560ed2778a3a}</UniqueIdentifier>
    </Filter>
    <Filter Include="02. GameObject\11. UI\05. MonsterHPUI">
      <UniqueIdentifier>{5f02926f-426d-4043-9c08-65b149e58dc1}</UniqueIdentifier>
    </Filter>
  </ItemGroup>
  <ItemGroup>
    <ClInclude Include="framework.h">
      <Filter>헤더 파일</Filter>
    </ClInclude>
    <ClInclude Include="targetver.h">
      <Filter>헤더 파일</Filter>
    </ClInclude>
    <ClInclude Include="Resource.h">
      <Filter>헤더 파일</Filter>
    </ClInclude>
    <ClInclude Include="FramePractice.h">
      <Filter>헤더 파일</Filter>
    </ClInclude>
    <ClInclude Include="pch.h">
      <Filter>헤더 파일</Filter>
    </ClInclude>
    <ClInclude Include="..\Header\Define.h">
      <Filter>헤더 파일</Filter>
    </ClInclude>
    <ClInclude Include="..\Header\MainApp.h">
      <Filter>00.MainApp</Filter>
    </ClInclude>
    <ClInclude Include="Struct.h">
      <Filter>헤더 파일</Filter>
    </ClInclude>
    <ClInclude Include="Types.h">
      <Filter>헤더 파일</Filter>
    </ClInclude>
    <ClInclude Include="..\Header\Logo.h">
      <Filter>01. Scene\01. Logo</Filter>
    </ClInclude>
    <ClInclude Include="..\Header\BackGround.h">
      <Filter>02. GameObject\00. Background</Filter>
    </ClInclude>
    <ClInclude Include="..\Header\Loading.h">
      <Filter>01. Scene\02. Loading</Filter>
    </ClInclude>
    <ClInclude Include="..\Header\Terrain.h">
      <Filter>02. GameObject\01. Entity\03. Terrain</Filter>
    </ClInclude>
    <ClInclude Include="..\Header\DynamicCamera.h">
      <Filter>02. GameObject\04. DynamicCamera</Filter>
    </ClInclude>
    <ClInclude Include="..\Header\SkyBox.h">
      <Filter>02. GameObject\05. SkyBox</Filter>
    </ClInclude>
    <ClInclude Include="..\Header\Ray.h">
      <Filter>02. GameObject\06. Ray</Filter>
    </ClInclude>
    <ClInclude Include="..\Header\Stage.h">
      <Filter>01. Scene\03. Stage</Filter>
    </ClInclude>
    <ClInclude Include="imconfig.h">
      <Filter>03.IMGUI\Imgui_Header</Filter>
    </ClInclude>
    <ClInclude Include="imgui.h">
      <Filter>03.IMGUI\Imgui_Header</Filter>
    </ClInclude>
    <ClInclude Include="imgui_impl_dx9.h">
      <Filter>03.IMGUI\Imgui_Header</Filter>
    </ClInclude>
    <ClInclude Include="imstb_rectpack.h">
      <Filter>03.IMGUI\Imgui_Header</Filter>
    </ClInclude>
    <ClInclude Include="imstb_textedit.h">
      <Filter>03.IMGUI\Imgui_Header</Filter>
    </ClInclude>
    <ClInclude Include="imstb_truetype.h">
      <Filter>03.IMGUI\Imgui_Header</Filter>
    </ClInclude>
    <ClInclude Include="imgui_impl_win32.h">
      <Filter>03.IMGUI\Imgui_Header</Filter>
    </ClInclude>
    <ClInclude Include="imgui_internal.h">
      <Filter>03.IMGUI\Imgui_Header</Filter>
    </ClInclude>
    <ClInclude Include="..\Header\ImGuiManger.h">
      <Filter>03.IMGUI</Filter>
    </ClInclude>
    <ClInclude Include="..\Header\Imgui_Terrain.h">
      <Filter>03.IMGUI\Imgui_Terrain_Buffer</Filter>
    </ClInclude>
    <ClInclude Include="..\Header\TestMap.h">
      <Filter>02. GameObject\07. Map\01.TestMap</Filter>
    </ClInclude>
    <ClInclude Include="..\Header\Object.h">
      <Filter>헤더 파일</Filter>
    </ClInclude>
    <ClInclude Include="..\Header\StateManager.h">
      <Filter>02. GameObject\01. Entity\01. Player\FSM</Filter>
    </ClInclude>
    <ClInclude Include="..\Header\PlayerIdle.h">
      <Filter>02. GameObject\01. Entity\01. Player\State</Filter>
    </ClInclude>
    <ClInclude Include="..\Header\PlayerMove.h">
      <Filter>02. GameObject\01. Entity\01. Player\State</Filter>
    </ClInclude>
    <ClInclude Include="..\Header\Player.h">
      <Filter>02. GameObject\01. Entity\01. Player</Filter>
    </ClInclude>
    <ClInclude Include="..\Header\Monster.h">
      <Filter>02. GameObject\01. Entity\02. Monster</Filter>
    </ClInclude>
    <ClInclude Include="..\Header\Object.h">
      <Filter>02. GameObject\08. Object</Filter>
    </ClInclude>
    <ClInclude Include="..\Header\Map.h">
      <Filter>02. GameObject\07. Map</Filter>
    </ClInclude>
    <ClInclude Include="..\Header\MapEditor.h">
      <Filter>01. Scene\99. MapEditor</Filter>
    </ClInclude>
    <ClInclude Include="..\Header\Map.h">
      <Filter>헤더 파일</Filter>
    </ClInclude>
    <ClInclude Include="..\Header\StartScene.h">
      <Filter>01. Scene\00. StartScene</Filter>
    </ClInclude>
    <ClInclude Include="..\Header\StartBackGround.h">
      <Filter>02. GameObject\00. Background\01.StartBackGround</Filter>
    </ClInclude>
    <ClInclude Include="..\Header\MapCamera.h">
      <Filter>02. GameObject\07. Map\00.MapCamera</Filter>
    </ClInclude>
    <ClInclude Include="..\Header\DefaultUI.h">
      <Filter>02. GameObject\11. UI\00. DefaultUI</Filter>
    </ClInclude>
    <ClInclude Include="..\Header\InvenUI.h">
      <Filter>02. GameObject\11. UI\01. InvenUI</Filter>
    </ClInclude>
    <ClInclude Include="..\Header\Imgui_ObjectTool.h">
      <Filter>03.IMGUI\Imgui_Object</Filter>
    </ClInclude>
    <ClInclude Include="..\Header\BugStatue.h">
      <Filter>02. GameObject\09. Puzzle\Bug Statue Puzzle\Bus Statue</Filter>
    </ClInclude>
    <ClInclude Include="..\Header\BugStatuePuzzle.h">
      <Filter>02. GameObject\09. Puzzle\Bug Statue Puzzle</Filter>
    </ClInclude>
    <ClInclude Include="..\Header\CombinationPuzzle.h">
      <Filter>02. GameObject\09. Puzzle\Combination Puzzle</Filter>
    </ClInclude>
    <ClInclude Include="..\Header\CombinationStatue.h">
      <Filter>02. GameObject\09. Puzzle\Combination Puzzle\Combination Statue</Filter>
    </ClInclude>
    <ClInclude Include="..\Header\Crystal.h">
      <Filter>02. GameObject\09. Puzzle\Crystal Puzzle\Crystal</Filter>
    </ClInclude>
    <ClInclude Include="..\Header\CrystalPuzzle.h">
      <Filter>02. GameObject\09. Puzzle\Crystal Puzzle</Filter>
    </ClInclude>
    <ClInclude Include="..\Header\MonkeyStatue.h">
      <Filter>02. GameObject\09. Puzzle\Monkey Statue</Filter>
    </ClInclude>
    <ClInclude Include="..\Header\PressBlock.h">
      <Filter>02. GameObject\09. Puzzle\Crystal Puzzle\Press Block</Filter>
    </ClInclude>
    <ClInclude Include="..\Header\PipeBoard.h">
      <Filter>02. GameObject\09. Puzzle\PipeGame\Board</Filter>
    </ClInclude>
    <ClInclude Include="..\Header\Pipe.h">
      <Filter>02. GameObject\09. Puzzle\PipeGame\Pipe</Filter>
    </ClInclude>
    <ClInclude Include="..\Header\BoardCursor.h">
      <Filter>02. GameObject\09. Puzzle\PipeGame\Cursor</Filter>
    </ClInclude>
    <ClInclude Include="..\Header\Item.h">
      <Filter>02. GameObject\10. Item</Filter>
    </ClInclude>
    <ClInclude Include="..\Header\ExploreHat.h">
      <Filter>02. GameObject\10. Item\00. EquipItem</Filter>
    </ClInclude>
    <ClInclude Include="..\Header\ItemSelector.h">
      <Filter>02. GameObject\10. Item\99. ItemSelector</Filter>
    </ClInclude>
    <ClInclude Include="..\Header\Mohican.h">
      <Filter>02. GameObject\10. Item\00. EquipItem</Filter>
    </ClInclude>
    <ClInclude Include="..\Header\PartyHat.h">
      <Filter>02. GameObject\10. Item\00. EquipItem</Filter>
    </ClInclude>
    <ClInclude Include="..\Header\MiddleFruit.h">
      <Filter>02. GameObject\10. Item\01. ConsumItem</Filter>
    </ClInclude>
    <ClInclude Include="..\Header\SmallFruit.h">
      <Filter>02. GameObject\10. Item\01. ConsumItem</Filter>
    </ClInclude>
    <ClInclude Include="..\Header\QuickSlot.h">
      <Filter>02. GameObject\11. UI\00. DefaultUI</Filter>
    </ClInclude>
    <ClInclude Include="..\Header\Stone.h">
      <Filter>02. GameObject\09. Puzzle\00. Common Object\00. Stone</Filter>
    </ClInclude>
    <ClInclude Include="..\Header\FirePit.h">
      <Filter>02. GameObject\09. Puzzle\Music Puzzle\Fire Pit</Filter>
    </ClInclude>
    <ClInclude Include="..\Header\MusicStatue.h">
      <Filter>02. GameObject\09. Puzzle\Music Puzzle\Music Statue</Filter>
    </ClInclude>
    <ClInclude Include="..\Header\NoteStatue.h">
      <Filter>02. GameObject\09. Puzzle\Music Puzzle\Note Statue</Filter>
    </ClInclude>
    <ClInclude Include="..\Header\Scale.h">
      <Filter>02. GameObject\09. Puzzle\Scale Puzzle\Scale</Filter>
    </ClInclude>
    <ClInclude Include="..\Header\WeightComparator.h">
      <Filter>02. GameObject\09. Puzzle\Scale Puzzle\Weight Comparator</Filter>
    </ClInclude>
    <ClInclude Include="..\Header\StoneBlockHole.h">
      <Filter>02. GameObject\09. Puzzle\00. Common Object\02. Stone Block Hole</Filter>
    </ClInclude>
    <ClInclude Include="..\Header\StoneBlock.h">
      <Filter>02. GameObject\09. Puzzle\00. Common Object\01. Stone Block</Filter>
    </ClInclude>
    <ClInclude Include="..\Header\StonePedestal.h">
      <Filter>02. GameObject\09. Puzzle\00. Common Object\03. Stone Pedestal</Filter>
    </ClInclude>
    <ClInclude Include="..\Header\ExpressMonkey.h">
      <Filter>02. GameObject\12. NPC\00. QuestNPC\00. ExpressMonkey</Filter>
    </ClInclude>
    <ClInclude Include="..\Header\TestObject.h">
      <Filter>02. GameObject\13.TestObject</Filter>
    </ClInclude>
    <ClInclude Include="..\Header\PlayerLift.h">
      <Filter>02. GameObject\01. Entity\01. Player\State</Filter>
    </ClInclude>
    <ClInclude Include="..\Header\PlayerLiftMove.h">
      <Filter>02. GameObject\01. Entity\01. Player\State</Filter>
    </ClInclude>
    <ClInclude Include="..\Header\PlayerSwing.h">
      <Filter>02. GameObject\01. Entity\01. Player\State</Filter>
    </ClInclude>
    <ClInclude Include="..\Header\PlayerPush.h">
      <Filter>02. GameObject\01. Entity\01. Player\State</Filter>
    </ClInclude>
    <ClInclude Include="..\Header\PlayerDash.h">
      <Filter>02. GameObject\01. Entity\01. Player\State</Filter>
    </ClInclude>
    <ClInclude Include="..\Header\TestCol.h">
      <Filter>02. GameObject\01. Entity\01. Player</Filter>
    </ClInclude>
    <ClInclude Include="..\Header\InteractionButton.h">
      <Filter>02. GameObject\11. UI\02. TextBoxUI</Filter>
    </ClInclude>
    <ClInclude Include="..\Header\TextBox.h">
      <Filter>02. GameObject\11. UI\02. TextBoxUI</Filter>
    </ClInclude>
    <ClInclude Include="..\Header\QuestUI.h">
      <Filter>02. GameObject\11. UI\03. QuestUI</Filter>
    </ClInclude>
    <ClInclude Include="..\Header\QuestAccept.h">
      <Filter>02. GameObject\11. UI\03. QuestUI\QuestAcceptUI</Filter>
    </ClInclude>
    <ClInclude Include="..\Header\QuestCursor.h">
      <Filter>02. GameObject\11. UI\03. QuestUI\QuestCursor</Filter>
    </ClInclude>
    <ClInclude Include="..\Header\PlayerDance.h">
      <Filter>02. GameObject\01. Entity\01. Player\State</Filter>
    </ClInclude>
    <ClInclude Include="..\Header\PlayerHurt.h">
      <Filter>02. GameObject\01. Entity\01. Player\State</Filter>
    </ClInclude>
    <ClInclude Include="..\Header\PlayerRolling.h">
      <Filter>02. GameObject\01. Entity\01. Player\State</Filter>
    </ClInclude>
    <ClInclude Include="..\Header\PlayerSmash.h">
      <Filter>02. GameObject\01. Entity\01. Player\State</Filter>
    </ClInclude>
    <ClInclude Include="..\Header\WorldHeartStage.h">
      <Filter>01. Scene\04. WorldHeartStage</Filter>
    </ClInclude>
    <ClInclude Include="WorldHeartMap.h">
      <Filter>02. GameObject\07. Map\02.WorldHeartMap</Filter>
    </ClInclude>
    <ClInclude Include="..\Header\AppleHat.h">
      <Filter>02. GameObject\10. Item\00. EquipItem</Filter>
    </ClInclude>
    <ClInclude Include="..\Header\EnkyHat.h">
      <Filter>02. GameObject\10. Item\00. EquipItem</Filter>
    </ClInclude>
    <ClInclude Include="..\Header\PoopHat.h">
      <Filter>02. GameObject\10. Item\00. EquipItem</Filter>
    </ClInclude>
    <ClInclude Include="..\Header\Penguin.h">
      <Filter>02. GameObject\10. Item\00. EquipItem</Filter>
    </ClInclude>
    <ClInclude Include="..\Header\BigFruit.h">
      <Filter>02. GameObject\10. Item\01. ConsumItem</Filter>
    </ClInclude>
    <ClInclude Include="..\Header\BigHerb.h">
      <Filter>02. GameObject\10. Item\01. ConsumItem</Filter>
    </ClInclude>
    <ClInclude Include="..\Header\BigRoot.h">
      <Filter>02. GameObject\10. Item\01. ConsumItem</Filter>
    </ClInclude>
    <ClInclude Include="..\Header\CookBigFish.h">
      <Filter>02. GameObject\10. Item\01. ConsumItem</Filter>
    </ClInclude>
    <ClInclude Include="..\Header\CookMiddleFish.h">
      <Filter>02. GameObject\10. Item\01. ConsumItem</Filter>
    </ClInclude>
    <ClInclude Include="..\Header\CookSmallFish.h">
      <Filter>02. GameObject\10. Item\01. ConsumItem</Filter>
    </ClInclude>
    <ClInclude Include="..\Header\MiddleHerb.h">
      <Filter>02. GameObject\10. Item\01. ConsumItem</Filter>
    </ClInclude>
    <ClInclude Include="..\Header\MiddleRoot.h">
      <Filter>02. GameObject\10. Item\01. ConsumItem</Filter>
    </ClInclude>
    <ClInclude Include="..\Header\SmallHerb.h">
      <Filter>02. GameObject\10. Item\01. ConsumItem</Filter>
    </ClInclude>
    <ClInclude Include="..\Header\SmallRoot.h">
      <Filter>02. GameObject\10. Item\01. ConsumItem</Filter>
    </ClInclude>
    <ClInclude Include="..\Header\Branch.h">
      <Filter>02. GameObject\10. Item\02. OtherItem</Filter>
    </ClInclude>
    <ClInclude Include="..\Header\ExpressTicket.h">
      <Filter>02. GameObject\10. Item\03. QuestItem</Filter>
    </ClInclude>
    <ClInclude Include="..\Header\Leaf.h">
      <Filter>02. GameObject\10. Item\02. OtherItem</Filter>
    </ClInclude>
    <ClInclude Include="..\Header\Net.h">
      <Filter>02. GameObject\10. Item\03. QuestItem</Filter>
    </ClInclude>
    <ClInclude Include="..\Header\QuestNPC.h">
      <Filter>02. GameObject\12. NPC\00. QuestNPC</Filter>
    </ClInclude>
    <ClInclude Include="..\Header\StoreNPC.h">
      <Filter>02. GameObject\12. NPC\01. StoreNPC</Filter>
    </ClInclude>
    <ClInclude Include="..\Header\SeaLion.h">
      <Filter>02. GameObject\12. NPC\01. StoreNPC\00. SeaLion</Filter>
    </ClInclude>
    <ClInclude Include="..\Header\PlayerInteractionBox.h">
      <Filter>02. GameObject\01. Entity\01. Player</Filter>
    </ClInclude>
    <ClInclude Include="..\Header\TestCol2.h">
      <Filter>02. GameObject\01. Entity\01. Player</Filter>
    </ClInclude>
    <ClInclude Include="..\Header\StoreUI.h">
      <Filter>헤더 파일</Filter>
    </ClInclude>
    <ClInclude Include="..\Header\ResMgr.h">
      <Filter>04.ResMgr</Filter>
    </ClInclude>
    <ClInclude Include="..\Header\MoonForestStage.h">
      <Filter>01. Scene\06. MoonForestStage</Filter>
    </ClInclude>
    <ClInclude Include="..\Header\MoonForestMap.h">
      <Filter>02. GameObject\07. Map\04.MoonForestMap</Filter>
    </ClInclude>
    <ClInclude Include="..\Header\ElectriceelBossStage.h">
      <Filter>01. Scene\08. ElectriceelBossStage</Filter>
    </ClInclude>
    <ClInclude Include="..\Header\ElectriceelBossMap.h">
      <Filter>02. GameObject\07. Map\05 ElectriceelBossMap</Filter>
    </ClInclude>
    <ClInclude Include="..\Header\ElectriceelBoss.h">
      <Filter>02. GameObject\14.ElectriceelBoss</Filter>
    </ClInclude>
    <ClInclude Include="..\Header\JungleForestStage.h">
      <Filter>01. Scene\05. JungleForestStage</Filter>
    </ClInclude>
    <ClInclude Include="..\Header\JungleForestMap.h">
      <Filter>02. GameObject\07. Map\03.JungleForestMap</Filter>
    </ClInclude>
    <ClInclude Include="..\Header\MonsterHPUI.h">
      <Filter>02. GameObject\11. UI\05. MonsterHPUI</Filter>
    </ClInclude>
    <ClInclude Include="..\Header\MonsterSlimeFast.h">
      <Filter>02. GameObject\01. Entity\02. Monster</Filter>
    </ClInclude>
  </ItemGroup>
  <ItemGroup>
    <ClCompile Include="FramePractice.cpp">
      <Filter>소스 파일</Filter>
    </ClCompile>
    <ClCompile Include="pch.cpp">
      <Filter>소스 파일</Filter>
    </ClCompile>
    <ClCompile Include="..\Code\MainApp.cpp">
      <Filter>00.MainApp</Filter>
    </ClCompile>
    <ClCompile Include="..\Code\Logo.cpp">
      <Filter>01. Scene\01. Logo</Filter>
    </ClCompile>
    <ClCompile Include="..\Code\BackGround.cpp">
      <Filter>02. GameObject\00. Background</Filter>
    </ClCompile>
    <ClCompile Include="..\Code\Stage.cpp">
      <Filter>01. Scene\03. Stage</Filter>
    </ClCompile>
    <ClCompile Include="..\Code\Loading.cpp">
      <Filter>01. Scene\02. Loading</Filter>
    </ClCompile>
    <ClCompile Include="..\Code\Terrain.cpp">
      <Filter>02. GameObject\01. Entity\03. Terrain</Filter>
    </ClCompile>
    <ClCompile Include="..\Code\DynamicCamera.cpp">
      <Filter>02. GameObject\04. DynamicCamera</Filter>
    </ClCompile>
    <ClCompile Include="..\Code\SkyBox.cpp">
      <Filter>02. GameObject\05. SkyBox</Filter>
    </ClCompile>
    <ClCompile Include="..\Code\Ray.cpp">
      <Filter>02. GameObject\06. Ray</Filter>
    </ClCompile>
    <ClCompile Include="imgui.cpp">
      <Filter>03.IMGUI</Filter>
    </ClCompile>
    <ClCompile Include="imgui_demo.cpp">
      <Filter>03.IMGUI</Filter>
    </ClCompile>
    <ClCompile Include="imgui_draw.cpp">
      <Filter>03.IMGUI</Filter>
    </ClCompile>
    <ClCompile Include="imgui_impl_dx9.cpp">
      <Filter>03.IMGUI</Filter>
    </ClCompile>
    <ClCompile Include="imgui_impl_win32.cpp">
      <Filter>03.IMGUI</Filter>
    </ClCompile>
    <ClCompile Include="imgui_tables.cpp">
      <Filter>03.IMGUI</Filter>
    </ClCompile>
    <ClCompile Include="imgui_widgets.cpp">
      <Filter>03.IMGUI\Imgui_Code</Filter>
    </ClCompile>
    <ClCompile Include="imgui_tables.cpp">
      <Filter>03.IMGUI\Imgui_Code</Filter>
    </ClCompile>
    <ClCompile Include="imgui.cpp">
      <Filter>03.IMGUI\Imgui_Code</Filter>
    </ClCompile>
    <ClCompile Include="imgui_demo.cpp">
      <Filter>03.IMGUI\Imgui_Code</Filter>
    </ClCompile>
    <ClCompile Include="imgui_draw.cpp">
      <Filter>03.IMGUI\Imgui_Code</Filter>
    </ClCompile>
    <ClCompile Include="imgui_impl_dx9.cpp">
      <Filter>03.IMGUI\Imgui_Code</Filter>
    </ClCompile>
    <ClCompile Include="imgui_impl_win32.cpp">
      <Filter>03.IMGUI\Imgui_Code</Filter>
    </ClCompile>
    <ClCompile Include="..\Code\ImGuiManger.cpp">
      <Filter>03.IMGUI</Filter>
    </ClCompile>
    <ClCompile Include="..\Code\Imgui_Terrain.cpp">
      <Filter>03.IMGUI\Imgui_Terrain_Buffer</Filter>
    </ClCompile>
    <ClCompile Include="..\Code\Object.cpp">
      <Filter>02. GameObject\08. Object</Filter>
    </ClCompile>
    <ClCompile Include="..\Code\TestMap.cpp">
      <Filter>02. GameObject\07. Map\01.TestMap</Filter>
    </ClCompile>
    <ClCompile Include="..\Code\Monster.cpp">
      <Filter>02. GameObject\01. Entity\02. Monster</Filter>
    </ClCompile>
    <ClCompile Include="..\Code\PlayerIdle.cpp">
      <Filter>02. GameObject\01. Entity\01. Player\State</Filter>
    </ClCompile>
    <ClCompile Include="..\Code\PlayerMove.cpp">
      <Filter>02. GameObject\01. Entity\01. Player\State</Filter>
    </ClCompile>
    <ClCompile Include="..\Code\Map.cpp">
      <Filter>02. GameObject\07. Map</Filter>
    </ClCompile>
    <ClCompile Include="..\Code\MapEditor.cpp">
      <Filter>01. Scene\99. MapEditor</Filter>
    </ClCompile>
    <ClCompile Include="..\Code\Map.cpp">
      <Filter>소스 파일</Filter>
    </ClCompile>
    <ClCompile Include="..\Code\StartScene.cpp">
      <Filter>01. Scene\00. StartScene</Filter>
    </ClCompile>
    <ClCompile Include="..\Code\StartBackGround.cpp">
      <Filter>02. GameObject\00. Background\01.StartBackGround</Filter>
    </ClCompile>
    <ClCompile Include="..\Code\MapCamera.cpp">
      <Filter>02. GameObject\07. Map\00.MapCamera</Filter>
    </ClCompile>
    <ClCompile Include="..\Code\DefaultUI.cpp">
      <Filter>02. GameObject\11. UI\00. DefaultUI</Filter>
    </ClCompile>
    <ClCompile Include="..\Code\InvenUI.cpp">
      <Filter>02. GameObject\11. UI\01. InvenUI</Filter>
    </ClCompile>
    <ClCompile Include="..\Code\Imgui_ObjectTool.cpp">
      <Filter>03.IMGUI\Imgui_Object</Filter>
    </ClCompile>
    <ClCompile Include="..\Code\BugStatue.cpp">
      <Filter>02. GameObject\09. Puzzle\Bug Statue Puzzle\Bus Statue</Filter>
    </ClCompile>
    <ClCompile Include="..\Code\BugStatuePuzzle.cpp">
      <Filter>02. GameObject\09. Puzzle\Bug Statue Puzzle</Filter>
    </ClCompile>
    <ClCompile Include="..\Code\CombinationPuzzle.cpp">
      <Filter>02. GameObject\09. Puzzle\Combination Puzzle</Filter>
    </ClCompile>
    <ClCompile Include="..\Code\CombinationStatue.cpp">
      <Filter>02. GameObject\09. Puzzle\Combination Puzzle\Combination Statue</Filter>
    </ClCompile>
    <ClCompile Include="..\Code\Crystal.cpp">
      <Filter>02. GameObject\09. Puzzle\Crystal Puzzle\Crystal</Filter>
    </ClCompile>
    <ClCompile Include="..\Code\CrystalPuzzle.cpp">
      <Filter>02. GameObject\09. Puzzle\Crystal Puzzle</Filter>
    </ClCompile>
    <ClCompile Include="..\Code\MonkeyStatue.cpp">
      <Filter>02. GameObject\09. Puzzle\Monkey Statue</Filter>
    </ClCompile>
    <ClCompile Include="..\Code\PressBlock.cpp">
      <Filter>02. GameObject\09. Puzzle\Crystal Puzzle\Press Block</Filter>
    </ClCompile>
    <ClCompile Include="..\Code\PipeBoard.cpp">
      <Filter>02. GameObject\09. Puzzle\PipeGame\Board</Filter>
    </ClCompile>
    <ClCompile Include="..\Code\Pipe.cpp">
      <Filter>02. GameObject\09. Puzzle\PipeGame\Pipe</Filter>
    </ClCompile>
    <ClCompile Include="..\Code\BoardCursor.cpp">
      <Filter>02. GameObject\09. Puzzle\PipeGame\Cursor</Filter>
    </ClCompile>
    <ClCompile Include="..\Code\Item.cpp">
      <Filter>02. GameObject\10. Item</Filter>
    </ClCompile>
    <ClCompile Include="..\Code\ExploreHat.cpp">
      <Filter>02. GameObject\10. Item\00. EquipItem</Filter>
    </ClCompile>
    <ClCompile Include="..\Header\ItemSelector.cpp">
      <Filter>02. GameObject\10. Item\99. ItemSelector</Filter>
    </ClCompile>
    <ClCompile Include="..\Code\Player.cpp">
      <Filter>02. GameObject\01. Entity\01. Player</Filter>
    </ClCompile>
    <ClCompile Include="..\Code\Mohican.cpp">
      <Filter>02. GameObject\10. Item\00. EquipItem</Filter>
    </ClCompile>
    <ClCompile Include="..\Code\PartyHat.cpp">
      <Filter>02. GameObject\10. Item\00. EquipItem</Filter>
    </ClCompile>
    <ClCompile Include="..\Code\MiddleFruit.cpp">
      <Filter>02. GameObject\10. Item\01. ConsumItem</Filter>
    </ClCompile>
    <ClCompile Include="..\Code\SmallFruit.cpp">
      <Filter>02. GameObject\10. Item\01. ConsumItem</Filter>
    </ClCompile>
    <ClCompile Include="..\Code\QuickSlot.cpp">
      <Filter>02. GameObject\11. UI\00. DefaultUI</Filter>
    </ClCompile>
    <ClCompile Include="..\Code\PlayerDash.cpp">
      <Filter>02. GameObject\01. Entity\01. Player\State</Filter>
    </ClCompile>
    <ClCompile Include="..\Code\Stone.cpp">
      <Filter>02. GameObject\09. Puzzle\00. Common Object\00. Stone</Filter>
    </ClCompile>
    <ClCompile Include="..\Code\FirePit.cpp">
      <Filter>02. GameObject\09. Puzzle\Music Puzzle\Fire Pit</Filter>
    </ClCompile>
    <ClCompile Include="..\Code\MusicStatue.cpp">
      <Filter>02. GameObject\09. Puzzle\Music Puzzle\Music Statue</Filter>
    </ClCompile>
    <ClCompile Include="..\Code\NoteStatue.cpp">
      <Filter>02. GameObject\09. Puzzle\Music Puzzle\Note Statue</Filter>
    </ClCompile>
    <ClCompile Include="..\Code\Scale.cpp">
      <Filter>02. GameObject\09. Puzzle\Scale Puzzle\Scale</Filter>
    </ClCompile>
    <ClCompile Include="..\Code\WeightComparator.cpp">
      <Filter>02. GameObject\09. Puzzle\Scale Puzzle\Weight Comparator</Filter>
    </ClCompile>
    <ClCompile Include="..\Code\StoneBlockHole.cpp">
      <Filter>02. GameObject\09. Puzzle\00. Common Object\02. Stone Block Hole</Filter>
    </ClCompile>
    <ClCompile Include="..\Code\StoneBlock.cpp">
      <Filter>02. GameObject\09. Puzzle\00. Common Object\01. Stone Block</Filter>
    </ClCompile>
    <ClCompile Include="..\Code\StonePedestal.cpp">
      <Filter>02. GameObject\09. Puzzle\00. Common Object\03. Stone Pedestal</Filter>
    </ClCompile>
    <ClCompile Include="..\Code\ExpressMonkey.cpp">
      <Filter>02. GameObject\12. NPC\00. QuestNPC\00. ExpressMonkey</Filter>
    </ClCompile>
    <ClCompile Include="..\Code\TestObject.cpp">
      <Filter>02. GameObject\13.TestObject</Filter>
    </ClCompile>
    <ClCompile Include="..\Code\PlayerLift.cpp">
      <Filter>02. GameObject\01. Entity\01. Player\State</Filter>
    </ClCompile>
    <ClCompile Include="..\Code\PlayerLiftMove.cpp">
      <Filter>02. GameObject\01. Entity\01. Player\State</Filter>
    </ClCompile>
    <ClCompile Include="..\Code\PlayerSwing.cpp">
      <Filter>02. GameObject\01. Entity\01. Player\State</Filter>
    </ClCompile>
    <ClCompile Include="..\Code\PlayerPush.cpp">
      <Filter>02. GameObject\01. Entity\01. Player\State</Filter>
    </ClCompile>
    <ClCompile Include="..\Code\TestCol.cpp">
      <Filter>02. GameObject\01. Entity\01. Player</Filter>
    </ClCompile>
    <ClCompile Include="..\Code\InteractionButton.cpp">
      <Filter>02. GameObject\11. UI\02. TextBoxUI</Filter>
    </ClCompile>
    <ClCompile Include="..\Code\TextBox.cpp">
      <Filter>02. GameObject\11. UI\02. TextBoxUI</Filter>
    </ClCompile>
    <ClCompile Include="..\Code\QuestUI.cpp">
      <Filter>02. GameObject\11. UI\03. QuestUI</Filter>
    </ClCompile>
    <ClCompile Include="..\Code\QuestAccept.cpp">
      <Filter>02. GameObject\11. UI\03. QuestUI\QuestAcceptUI</Filter>
    </ClCompile>
    <ClCompile Include="..\Code\QuestCursor.cpp">
      <Filter>02. GameObject\11. UI\03. QuestUI\QuestCursor</Filter>
    </ClCompile>
    <ClCompile Include="..\Code\PlayerDance.cpp">
      <Filter>02. GameObject\01. Entity\01. Player\State</Filter>
    </ClCompile>
    <ClCompile Include="..\Code\PlayerHurt.cpp">
      <Filter>02. GameObject\01. Entity\01. Player\State</Filter>
    </ClCompile>
    <ClCompile Include="..\Code\PlayerRolling.cpp">
      <Filter>02. GameObject\01. Entity\01. Player\State</Filter>
    </ClCompile>
    <ClCompile Include="..\Code\PlayerSmash.cpp">
      <Filter>02. GameObject\01. Entity\01. Player\State</Filter>
    </ClCompile>
    <ClCompile Include="..\Code\WorldHeartStage.cpp">
      <Filter>01. Scene\04. WorldHeartStage</Filter>
    </ClCompile>
    <ClCompile Include="WorldHeartMap.cpp">
      <Filter>02. GameObject\07. Map\02.WorldHeartMap</Filter>
    </ClCompile>
    <ClCompile Include="..\Code\PoopHat.cpp">
      <Filter>02. GameObject\10. Item\00. EquipItem</Filter>
    </ClCompile>
    <ClCompile Include="..\Code\BigFruit.cpp">
      <Filter>02. GameObject\10. Item\01. ConsumItem</Filter>
    </ClCompile>
    <ClCompile Include="..\Code\ExpressTicket.cpp">
      <Filter>02. GameObject\10. Item\03. QuestItem</Filter>
    </ClCompile>
    <ClCompile Include="..\Code\Leaf.cpp">
      <Filter>02. GameObject\10. Item\02. OtherItem</Filter>
    </ClCompile>
    <ClCompile Include="..\Code\Net.cpp">
      <Filter>02. GameObject\10. Item\03. QuestItem</Filter>
    </ClCompile>
    <ClCompile Include="..\Code\QuestNPC.cpp">
      <Filter>02. GameObject\12. NPC\00. QuestNPC</Filter>
    </ClCompile>
    <ClCompile Include="..\Code\StoreNPC.cpp">
      <Filter>02. GameObject\12. NPC\01. StoreNPC</Filter>
    </ClCompile>
    <ClCompile Include="..\Code\SeaLion.cpp">
      <Filter>02. GameObject\12. NPC\01. StoreNPC\00. SeaLion</Filter>
    </ClCompile>
    <ClCompile Include="..\Code\SmallRoot.cpp">
      <Filter>02. GameObject\10. Item\01. ConsumItem</Filter>
    </ClCompile>
    <ClCompile Include="..\Code\SmallHerb.cpp">
      <Filter>02. GameObject\10. Item\01. ConsumItem</Filter>
    </ClCompile>
    <ClCompile Include="..\Code\MiddleHerb.cpp">
      <Filter>02. GameObject\10. Item\01. ConsumItem</Filter>
    </ClCompile>
    <ClCompile Include="..\Code\MiddleRoot.cpp">
      <Filter>02. GameObject\10. Item\01. ConsumItem</Filter>
    </ClCompile>
    <ClCompile Include="..\Code\BigHerb.cpp">
      <Filter>02. GameObject\10. Item\01. ConsumItem</Filter>
    </ClCompile>
    <ClCompile Include="..\Code\BigRoot.cpp">
      <Filter>02. GameObject\10. Item\01. ConsumItem</Filter>
    </ClCompile>
    <ClCompile Include="..\Code\CookBigFish.cpp">
      <Filter>02. GameObject\10. Item\01. ConsumItem</Filter>
    </ClCompile>
    <ClCompile Include="..\Code\CookMiddleFish.cpp">
      <Filter>02. GameObject\10. Item\01. ConsumItem</Filter>
    </ClCompile>
    <ClCompile Include="..\Code\CookSmallFish.cpp">
      <Filter>02. GameObject\10. Item\01. ConsumItem</Filter>
    </ClCompile>
    <ClCompile Include="..\Code\AppleHat.cpp">
      <Filter>02. GameObject\10. Item\00. EquipItem</Filter>
    </ClCompile>
    <ClCompile Include="..\Code\EnkyHat.cpp">
      <Filter>02. GameObject\10. Item\00. EquipItem</Filter>
    </ClCompile>
    <ClCompile Include="..\Code\Branch.cpp">
      <Filter>02. GameObject\10. Item\02. OtherItem</Filter>
    </ClCompile>
    <ClCompile Include="..\Code\Penguin.cpp">
      <Filter>02. GameObject\10. Item\00. EquipItem</Filter>
    </ClCompile>
    <ClCompile Include="..\Code\PlayerInteractionBox.cpp">
      <Filter>02. GameObject\01. Entity\01. Player</Filter>
    </ClCompile>
    <ClCompile Include="..\Code\TestCol2.cpp">
      <Filter>02. GameObject\01. Entity\01. Player</Filter>
    </ClCompile>
    <ClCompile Include="..\Code\StoreUI.cpp">
      <Filter>소스 파일</Filter>
    </ClCompile>
    <ClCompile Include="..\Code\ResMgr.cpp">
      <Filter>04.ResMgr</Filter>
    </ClCompile>
    <ClCompile Include="..\Code\MoonForestStage.cpp">
      <Filter>01. Scene\06. MoonForestStage</Filter>
    </ClCompile>
    <ClCompile Include="..\Code\MoonForestMap.cpp">
      <Filter>02. GameObject\07. Map\04.MoonForestMap</Filter>
    </ClCompile>
    <ClCompile Include="..\Code\ElectriceelBossStage.cpp">
      <Filter>01. Scene\08. ElectriceelBossStage</Filter>
    </ClCompile>
    <ClCompile Include="..\Code\ElectriceelBossMap.cpp">
      <Filter>02. GameObject\07. Map\05 ElectriceelBossMap</Filter>
    </ClCompile>
    <ClCompile Include="..\Code\ElectriceelBoss.cpp">
      <Filter>02. GameObject\14.ElectriceelBoss</Filter>
    </ClCompile>
    <ClCompile Include="..\Code\JungleForestStage.cpp">
      <Filter>01. Scene\05. JungleForestStage</Filter>
    </ClCompile>
    <ClCompile Include="..\Code\JungleForestMap.cpp">
      <Filter>02. GameObject\07. Map\03.JungleForestMap</Filter>
    </ClCompile>
    <ClCompile Include="..\Code\MonsterHPUI.cpp">
      <Filter>02. GameObject\11. UI\05. MonsterHPUI</Filter>
    </ClCompile>
    <ClCompile Include="..\Code\MonsterSlimeFast.cpp">
      <Filter>02. GameObject\01. Entity\02. Monster</Filter>
    </ClCompile>
  </ItemGroup>
  <ItemGroup>
    <ResourceCompile Include="FramePractice.rc">
      <Filter>리소스 파일</Filter>
    </ResourceCompile>
  </ItemGroup>
  <ItemGroup>
    <Image Include="small.ico">
      <Filter>리소스 파일</Filter>
    </Image>
    <Image Include="FramePractice.ico">
      <Filter>리소스 파일</Filter>
    </Image>
  </ItemGroup>
</Project>