<?xml version="1.0" encoding="utf-8"?>
<Project ToolsVersion="4.0" xmlns="http://schemas.microsoft.com/developer/msbuild/2003">
  <ItemGroup>
    <Filter Include="00. Management">
      <UniqueIdentifier>{e57254a4-4ad1-4cb6-96f0-0875d01579c1}</UniqueIdentifier>
    </Filter>
    <Filter Include="01. Scene">
      <UniqueIdentifier>{67DA6AB6-F800-4c08-8B7A-83BB121AAD01}</UniqueIdentifier>
      <Extensions>rc;ico;cur;bmp;dlg;rc2;rct;bin;rgs;gif;jpg;jpeg;jpe;resx;tiff;tif;png;wav;mfcribbon-ms</Extensions>
    </Filter>
    <Filter Include="02. Layer">
      <UniqueIdentifier>{4FC737F1-C7A5-4376-A066-2A32D752A2FF}</UniqueIdentifier>
      <Extensions>cpp;c;cc;cxx;c++;cppm;ixx;def;odl;idl;hpj;bat;asm;asmx</Extensions>
    </Filter>
    <Filter Include="03. GameObject">
      <UniqueIdentifier>{93995380-89BD-4b04-88EB-625FBE52EBFB}</UniqueIdentifier>
      <Extensions>h;hh;hpp;hxx;h++;hm;inl;inc;ipp;xsd</Extensions>
    </Filter>
    <Filter Include="04. Component">
      <UniqueIdentifier>{75137150-054f-43d7-93bd-0f17042a1289}</UniqueIdentifier>
    </Filter>
    <Filter Include="99. Export">
      <UniqueIdentifier>{4a9372f0-b436-49bc-8881-202acbe45eef}</UniqueIdentifier>
    </Filter>
    <Filter Include="04. Component\00.VIBuffer">
      <UniqueIdentifier>{eeac0190-0af7-446f-b9dc-1d847c5e994b}</UniqueIdentifier>
    </Filter>
    <Filter Include="04. Component\00.VIBuffer\00. TriCol">
      <UniqueIdentifier>{9ebae251-3000-4c6b-aca7-47a76f4ba3ad}</UniqueIdentifier>
    </Filter>
    <Filter Include="04. Component\00.VIBuffer\01. RcCol">
      <UniqueIdentifier>{d7e44220-2018-408b-a2fa-e1a0345eaca7}</UniqueIdentifier>
    </Filter>
    <Filter Include="04. Component\99. ComponentMgr">
      <UniqueIdentifier>{94fa34b5-35b4-40c4-8b85-933ddf600352}</UniqueIdentifier>
    </Filter>
    <Filter Include="04. Component\01. Transform">
      <UniqueIdentifier>{1a14404d-0293-4cc2-af98-5fd7b46450e0}</UniqueIdentifier>
    </Filter>
    <Filter Include="04. Component\00.VIBuffer\02. RcTex">
      <UniqueIdentifier>{e5bd6ff2-d544-4898-a6fc-3f0c4f47828e}</UniqueIdentifier>
    </Filter>
    <Filter Include="04. Component\02. Texture">
      <UniqueIdentifier>{94ce48d2-09ce-4920-92e1-96f2ca4fe985}</UniqueIdentifier>
    </Filter>
    <Filter Include="05. Renderer">
      <UniqueIdentifier>{1c93308a-0141-40a3-8825-efae78a6a61c}</UniqueIdentifier>
    </Filter>
    <Filter Include="04. Component\00.VIBuffer\03. TerrainTex">
      <UniqueIdentifier>{4a235018-8f78-4cdb-9536-e16c50143175}</UniqueIdentifier>
    </Filter>
    <Filter Include="03. GameObject\Camera">
      <UniqueIdentifier>{8a254cf1-3640-47bb-a453-01e09c29d9a1}</UniqueIdentifier>
    </Filter>
    <Filter Include="04. Component\00.VIBuffer\04. CubeTex">
      <UniqueIdentifier>{5b8e1d69-339f-461d-b537-3bb93fbdf77a}</UniqueIdentifier>
    </Filter>
    <Filter Include="04. Component\00.VIBuffer\05. PureVesselTex">
      <UniqueIdentifier>{549b4db6-f240-4734-a2b2-aa65c7c352f3}</UniqueIdentifier>
    </Filter>
    <Filter Include="04. Component\00.VIBuffer\06. AnimationTex">
      <UniqueIdentifier>{e1557df0-8d08-4b80-bf05-0524ef97f335}</UniqueIdentifier>
    </Filter>
    <Filter Include="06. LightMgr">
      <UniqueIdentifier>{fac38fef-96ae-4c74-bbbb-7b41ebe2b664}</UniqueIdentifier>
    </Filter>
    <Filter Include="06. LightMgr\Light">
      <UniqueIdentifier>{5cc2af0e-97c3-4197-80bb-9554b9e1929a}</UniqueIdentifier>
    </Filter>
    <Filter Include="04. Component\04. Animatior">
      <UniqueIdentifier>{3545cf18-e6c8-4485-b1c8-971ab3f9af3b}</UniqueIdentifier>
    </Filter>
    <Filter Include="04. Component\04. Animatior\Animation">
      <UniqueIdentifier>{fcdcb8e0-8cb9-45ca-b50b-27c1b9295f7e}</UniqueIdentifier>
    </Filter>
    <Filter Include="04. Component\05. State">
      <UniqueIdentifier>{33037cd2-6c05-4e52-842f-2eeb7e1ff94a}</UniqueIdentifier>
    </Filter>
    <Filter Include="04. Component\06. Puzzle">
      <UniqueIdentifier>{1b0db2e6-6b09-443e-a6df-60baa261ace4}</UniqueIdentifier>
    </Filter>
    <Filter Include="04. Component\06. Puzzle\PipeGame">
      <UniqueIdentifier>{38ac63e8-b23d-4d11-87f8-3bf32de6ebc8}</UniqueIdentifier>
    </Filter>
    <Filter Include="04. Component\06. Puzzle\PipeGame\Pipe">
      <UniqueIdentifier>{3935433d-ac07-4547-98f3-b1142303f3a1}</UniqueIdentifier>
    </Filter>
    <Filter Include="04. Component\06. Puzzle\PipeGame\PipeBoard">
      <UniqueIdentifier>{85285cd2-326b-4ccb-87ae-984c2ac0096f}</UniqueIdentifier>
    </Filter>
    <Filter Include="04. Component\00.VIBuffer\07. MapTex">
      <UniqueIdentifier>{855f3fd4-ee60-4b93-b115-13d9094fda11}</UniqueIdentifier>
    </Filter>
    <Filter Include="04. Component\00.VIBuffer\07. MapTex\01.StartMap">
      <UniqueIdentifier>{f9adec19-72c6-4cec-8148-72c00ade1581}</UniqueIdentifier>
    </Filter>
    <Filter Include="07. CollisionMgr">
      <UniqueIdentifier>{0f61ba5a-5298-430a-9a04-7c5ebbd65bc4}</UniqueIdentifier>
    </Filter>
    <Filter Include="03. GameObject\Puzzle Object">
      <UniqueIdentifier>{324894bf-882e-4664-adba-1cc361c4ebf3}</UniqueIdentifier>
    </Filter>
    <Filter Include="08. SoundMgr">
      <UniqueIdentifier>{6da7b389-666a-431b-b04b-4ccd44a32e05}</UniqueIdentifier>
    </Filter>
    <Filter Include="04. Component\07. Animatior2">
      <UniqueIdentifier>{5dab97d2-7f94-43dc-813e-91fff26e8be3}</UniqueIdentifier>
    </Filter>
    <Filter Include="04. Component\07. Animatior2\Animation2">
      <UniqueIdentifier>{99c9f589-5792-4b4a-89e0-6da6c702abae}</UniqueIdentifier>
    </Filter>
    <Filter Include="04. Component\00.VIBuffer\08. Collider">
      <UniqueIdentifier>{e82c3a38-a3b9-4d96-a374-d00eb9366c4c}</UniqueIdentifier>
    </Filter>
    <Filter Include="04. Component\02. Texture\03. Calculator">
      <UniqueIdentifier>{d70971f5-fdb5-4002-98fb-07c720b3edca}</UniqueIdentifier>
    </Filter>
  </ItemGroup>
  <ItemGroup>
    <ClInclude Include="..\..\Header\Management.h">
      <Filter>00. Management</Filter>
    </ClInclude>
    <ClInclude Include="..\..\Header\Scene.h">
      <Filter>01. Scene</Filter>
    </ClInclude>
    <ClInclude Include="..\..\Header\Layer.h">
      <Filter>02. Layer</Filter>
    </ClInclude>
    <ClInclude Include="..\..\Header\Component.h">
      <Filter>04. Component</Filter>
    </ClInclude>
    <ClInclude Include="..\..\Header\Export_Utility.h">
      <Filter>99. Export</Filter>
    </ClInclude>
    <ClInclude Include="..\..\Header\VIBuffer.h">
      <Filter>04. Component\00.VIBuffer</Filter>
    </ClInclude>
    <ClInclude Include="..\..\Header\TriCol.h">
      <Filter>04. Component\00.VIBuffer\00. TriCol</Filter>
    </ClInclude>
    <ClInclude Include="..\..\Header\RcCol.h">
      <Filter>04. Component\00.VIBuffer\01. RcCol</Filter>
    </ClInclude>
    <ClInclude Include="..\..\Header\ComponentMgr.h">
      <Filter>04. Component\99. ComponentMgr</Filter>
    </ClInclude>
    <ClInclude Include="..\..\Header\Transform.h">
      <Filter>04. Component\01. Transform</Filter>
    </ClInclude>
    <ClInclude Include="..\..\Header\Texture.h">
      <Filter>04. Component\02. Texture</Filter>
    </ClInclude>
    <ClInclude Include="..\..\Header\RcTex.h">
      <Filter>04. Component\00.VIBuffer\02. RcTex</Filter>
    </ClInclude>
    <ClInclude Include="..\..\Header\Renderer.h">
      <Filter>05. Renderer</Filter>
    </ClInclude>
    <ClInclude Include="..\..\Header\TerrainTex.h">
      <Filter>04. Component\00.VIBuffer\03. TerrainTex</Filter>
    </ClInclude>
    <ClInclude Include="..\..\Header\Camera.h">
      <Filter>03. GameObject\Camera</Filter>
    </ClInclude>
    <ClInclude Include="..\..\Header\Calculator.h">
      <Filter>04. Component\02. Texture\03. Calculator</Filter>
    </ClInclude>
    <ClInclude Include="..\..\Header\CubeTex.h">
      <Filter>04. Component\00.VIBuffer\04. CubeTex</Filter>
    </ClInclude>
    <ClInclude Include="..\..\Header\LightMgr.h">
      <Filter>06. LightMgr</Filter>
    </ClInclude>
    <ClInclude Include="..\..\Header\Light.h">
      <Filter>06. LightMgr\Light</Filter>
    </ClInclude>
    <ClInclude Include="..\..\Header\PureVesselTex.h">
      <Filter>04. Component\00.VIBuffer\05. PureVesselTex</Filter>
    </ClInclude>
    <ClInclude Include="..\..\Header\GameObject.h">
      <Filter>03. GameObject</Filter>
    </ClInclude>
    <ClInclude Include="..\..\Header\AnimationTex.h">
      <Filter>04. Component\00.VIBuffer\06. AnimationTex</Filter>
    </ClInclude>
    <ClInclude Include="..\..\Header\Animator.h">
      <Filter>04. Component\04. Animatior</Filter>
    </ClInclude>
    <ClInclude Include="..\..\Header\Animation.h">
      <Filter>04. Component\04. Animatior\Animation</Filter>
    </ClInclude>
    <ClInclude Include="..\..\Header\CStartMap.h">
      <Filter>04. Component\00.VIBuffer\07. MapTex\01.StartMap</Filter>
    </ClInclude>
    <ClInclude Include="..\..\Header\MapTex.h">
      <Filter>04. Component\00.VIBuffer\07. MapTex</Filter>
    </ClInclude>
    <ClInclude Include="..\..\Header\State.h">
      <Filter>04. Component\05. State</Filter>
    </ClInclude>
    <ClInclude Include="..\..\Header\StateController.h">
      <Filter>04. Component\05. State</Filter>
    </ClInclude>
    <ClInclude Include="..\..\Header\PipeBoardCom.h">
      <Filter>04. Component\06. Puzzle\PipeGame\Pipe</Filter>
    </ClInclude>
    <ClInclude Include="..\..\Header\PipeCom.h">
      <Filter>04. Component\06. Puzzle\PipeGame\Pipe</Filter>
    </ClInclude>
    <ClInclude Include="..\..\Header\Collider.h">
      <Filter>04. Component\00.VIBuffer\08. Collider</Filter>
    </ClInclude>
    <ClInclude Include="..\..\Header\CollisionMgr.h">
      <Filter>07. CollisionMgr</Filter>
    </ClInclude>
    <ClInclude Include="..\..\Header\SoundManager.h">
      <Filter>08. SoundMgr</Filter>
    </ClInclude>
    <ClInclude Include="..\..\Header\PuzzleObject.h">
      <Filter>03. GameObject\Puzzle Object</Filter>
    </ClInclude>
    <ClInclude Include="..\..\Header\Animator2.h">
      <Filter>04. Component\07. Animatior2</Filter>
    </ClInclude>
    <ClInclude Include="..\..\Header\Animation2.h">
      <Filter>04. Component\07. Animatior2\Animation2</Filter>
    </ClInclude>
  </ItemGroup>
  <ItemGroup>
    <ClCompile Include="..\Code\Management.cpp">
      <Filter>00. Management</Filter>
    </ClCompile>
    <ClCompile Include="..\Code\Scene.cpp">
      <Filter>01. Scene</Filter>
    </ClCompile>
    <ClCompile Include="..\Code\Layer.cpp">
      <Filter>02. Layer</Filter>
    </ClCompile>
    <ClCompile Include="..\Code\GameObject.cpp">
      <Filter>03. GameObject</Filter>
    </ClCompile>
    <ClCompile Include="..\Code\Component.cpp">
      <Filter>04. Component</Filter>
    </ClCompile>
    <ClCompile Include="..\Code\VIBuffer.cpp">
      <Filter>04. Component\00.VIBuffer</Filter>
    </ClCompile>
    <ClCompile Include="..\Code\TriCol.cpp">
      <Filter>04. Component\00.VIBuffer\00. TriCol</Filter>
    </ClCompile>
    <ClCompile Include="..\Code\RcCol.cpp">
      <Filter>04. Component\00.VIBuffer\01. RcCol</Filter>
    </ClCompile>
    <ClCompile Include="..\Code\ComponentMgr.cpp">
      <Filter>04. Component\99. ComponentMgr</Filter>
    </ClCompile>
    <ClCompile Include="..\Code\Transform.cpp">
      <Filter>04. Component\01. Transform</Filter>
    </ClCompile>
    <ClCompile Include="..\Code\Texture.cpp">
      <Filter>04. Component\02. Texture</Filter>
    </ClCompile>
    <ClCompile Include="..\Code\RcTex.cpp">
      <Filter>04. Component\00.VIBuffer\02. RcTex</Filter>
    </ClCompile>
    <ClCompile Include="..\Code\Renderer.cpp">
      <Filter>05. Renderer</Filter>
    </ClCompile>
    <ClCompile Include="..\Code\TerrainTex.cpp">
      <Filter>04. Component\00.VIBuffer\03. TerrainTex</Filter>
    </ClCompile>
    <ClCompile Include="..\Code\Camera.cpp">
      <Filter>03. GameObject\Camera</Filter>
    </ClCompile>
    <ClCompile Include="..\Code\Calculator.cpp">
      <Filter>04. Component\02. Texture\03. Calculator</Filter>
    </ClCompile>
    <ClCompile Include="..\Code\CubeTex.cpp">
      <Filter>04. Component\00.VIBuffer\04. CubeTex</Filter>
    </ClCompile>
    <ClCompile Include="..\Code\LightMgr.cpp">
      <Filter>06. LightMgr</Filter>
    </ClCompile>
    <ClCompile Include="..\Code\Light.cpp">
      <Filter>06. LightMgr\Light</Filter>
    </ClCompile>
    <ClCompile Include="..\Code\PureVesselTex.cpp">
      <Filter>04. Component\00.VIBuffer\05. PureVesselTex</Filter>
    </ClCompile>
    <ClCompile Include="..\Code\AnimationTex.cpp">
      <Filter>04. Component\00.VIBuffer\06. AnimationTex</Filter>
    </ClCompile>
    <ClCompile Include="..\Code\Animator.cpp">
      <Filter>04. Component\04. Animatior</Filter>
    </ClCompile>
    <ClCompile Include="..\Code\Animation.cpp">
      <Filter>04. Component\04. Animatior\Animation</Filter>
    </ClCompile>
    <ClCompile Include="..\Code\CStartMap.cpp">
      <Filter>04. Component\00.VIBuffer\07. MapTex\01.StartMap</Filter>
    </ClCompile>
    <ClCompile Include="..\Code\MapTex.cpp">
      <Filter>04. Component\00.VIBuffer\07. MapTex</Filter>
    </ClCompile>
    <ClCompile Include="..\Code\StateController.cpp">
      <Filter>04. Component\05. State</Filter>
    </ClCompile>
    <ClCompile Include="..\Code\PipeBoardCom.cpp">
      <Filter>04. Component\06. Puzzle\PipeGame\PipeBoard</Filter>
    </ClCompile>
    <ClCompile Include="..\Code\PipeCom.cpp">
      <Filter>04. Component\06. Puzzle\PipeGame\PipeBoard</Filter>
    </ClCompile>
    <ClCompile Include="..\..\Header\Collider.cpp">
      <Filter>04. Component\00.VIBuffer\08. Collider</Filter>
    </ClCompile>
    <ClCompile Include="..\Code\CollisionMgr.cpp">
      <Filter>07. CollisionMgr</Filter>
    </ClCompile>
    <ClCompile Include="..\Code\SoundManager.cpp">
      <Filter>08. SoundMgr</Filter>
    </ClCompile>
    <ClCompile Include="..\Code\PuzzleObject.cpp">
      <Filter>03. GameObject\Puzzle Object</Filter>
    </ClCompile>
    <ClCompile Include="..\Code\Animator2.cpp">
      <Filter>04. Component\07. Animatior2</Filter>
    </ClCompile>
    <ClCompile Include="..\Code\Animation2.cpp">
      <Filter>04. Component\07. Animatior2\Animation2</Filter>
    </ClCompile>
    <ClCompile Include="..\Code\PlantOrbCom.cpp">
      <Filter>04. Component\06. Puzzle\Plant Orb</Filter>
    </ClCompile>
    <ClCompile Include="..\Code\GameObject.cpp">
      <Filter>03. GameObject</Filter>
    </ClCompile>
  </ItemGroup>
  <ItemGroup>
    <None Include="..\..\Header\Export_Utility.inl">
      <Filter>99. Export</Filter>
    </None>
  </ItemGroup>
</Project>